# This file is generated by running "yarn install" inside your project.
# Manual changes might be lost - proceed with caution!

__metadata:
  version: 8
  cacheKey: 10c0

"prettier@npm:^3.1.0":
  version: 3.1.0
  resolution: "prettier@npm:3.1.0"
  bin:
    prettier: bin/prettier.cjs
  checksum: a45ea70aa97fde162ea4c4aba3dfc7859aa6a732a1db34458d9535dc3c2c16d3bc3fb5689e6cd76aa835562555303b02d9449fd2e15af3b73c8053557e25c5b6
  languageName: node
  linkType: hard

"typescript@npm:latest":
  version: 5.3.2
  resolution: "typescript@npm:5.3.2"
  bin:
    tsc: bin/tsc
    tsserver: bin/tsserver
  checksum: d7dbe1fbe19039e36a65468ea64b5d338c976550394ba576b7af9c68ed40c0bc5d12ecce390e4b94b287a09a71bd3229f19c2d5680611f35b7c53a3898791159
  languageName: node
  linkType: hard

"typescript@patch:typescript@npm%3Alatest#optional!builtin<compat/typescript>":
  version: 5.3.2
  resolution: "typescript@patch:typescript@npm%3A5.3.2#optional!builtin<compat/typescript>::version=5.3.2&hash=e012d7"
  bin:
    tsc: bin/tsc
    tsserver: bin/tsserver
  checksum: 73c8bad74e732d93211c9d77f28b03307e2f5fc6a0afc73f4b783261ab567686a16d6ae958bdaef383a00be1b0b8c8b6741dd6ca3d13af4963fa7e47456d49c7
  languageName: node
  linkType: hard

"yarn-workspace@workspace:.":
  version: 0.0.0-use.local
  resolution: "yarn-workspace@workspace:."
  dependencies:
    prettier: "npm:^3.1.0"
    typescript: "npm:latest"
  languageName: unknown
  linkType: soft
